
Microsoft Visual Studio Solution File, Format Version 12.00
# Visual Studio Version 16
VisualStudioVersion = 16.0.30011.22
MinimumVisualStudioVersion = 10.0.40219.1
Project("{FAE04EC0-301F-11D3-BF4B-00C04F79EFBC}") = "ui", "ui\ui.csproj", "{360681E8-FF96-4A94-931C-410EC633796D}"
EndProject
Project("{FAE04EC0-301F-11D3-BF4B-00C04F79EFBC}") = "lib", "lib\lib.csproj", "{BD6FF28F-8277-4A99-A984-202DCA955190}"
EndProject
Project("{FAE04EC0-301F-11D3-BF4B-00C04F79EFBC}") = "cli", "cli\cli.csproj", "{764BBE4F-CCC2-430A-9601-9F678A35C186}"
EndProject
Project("{2150E333-8FDC-42A3-9474-1A3956D46DE8}") = "Solution Items", "Solution Items", "{2D69612D-45C9-4237-B1FA-30994B1FAFCB}"
	ProjectSection(SolutionItems) = preProject
		README.md = README.md
		SetVersion.ps1 = SetVersion.ps1
	EndProjectSection
EndProject
Global
	GlobalSection(SolutionConfigurationPlatforms) = preSolution
		Debug|Any CPU = Debug|Any CPU
		Release|Any CPU = Release|Any CPU
	EndGlobalSection
	GlobalSection(ProjectConfigurationPlatforms) = postSolution
		{360681E8-FF96-4A94-931C-410EC633796D}.Debug|Any CPU.ActiveCfg = Debug|Any CPU
		{360681E8-FF96-4A94-931C-410EC633796D}.Debug|Any CPU.Build.0 = Debug|Any CPU
		{360681E8-FF96-4A94-931C-410EC633796D}.Release|Any CPU.ActiveCfg = Release|Any CPU
		{360681E8-FF96-4A94-931C-410EC633796D}.Release|Any CPU.Build.0 = Release|Any CPU
		{BD6FF28F-8277-4A99-A984-202DCA955190}.Debug|Any CPU.ActiveCfg = Debug|Any CPU
		{BD6FF28F-8277-4A99-A984-202DCA955190}.Debug|Any CPU.Build.0 = Debug|Any CPU
		{BD6FF28F-8277-4A99-A984-202DCA955190}.Release|Any CPU.ActiveCfg = Release|Any CPU
		{BD6FF28F-8277-4A99-A984-202DCA955190}.Release|Any CPU.Build.0 = Release|Any CPU
		{764BBE4F-CCC2-430A-9601-9F678A35C186}.Debug|Any CPU.ActiveCfg = Debug|Any CPU
		{764BBE4F-CCC2-430A-9601-9F678A35C186}.Debug|Any CPU.Build.0 = Debug|Any CPU
		{764BBE4F-CCC2-430A-9601-9F678A35C186}.Release|Any CPU.ActiveCfg = Release|Any CPU
		{764BBE4F-CCC2-430A-9601-9F678A35C186}.Release|Any CPU.Build.0 = Release|Any CPU
	EndGlobalSection
	GlobalSection(SolutionProperties) = preSolution
		HideSolutionNode = FALSE
	EndGlobalSection
	GlobalSection(ExtensibilityGlobals) = postSolution
		SolutionGuid = {D219E9F7-21C5-435E-902B-B8855DADCF7D}
	EndGlobalSection
EndGlobal
